
Microsoft Visual Studio Solution File, Format Version 12.00
# Visual Studio 15
VisualStudioVersion = 15.0.28307.779
MinimumVisualStudioVersion = 10.0.40219.1
Project("{FAE04EC0-301F-11D3-BF4B-00C04F79EFBC}") = "PatientApp", "PatientApp\PatientApp.csproj", "{B7E4B8B2-F7FB-4FE8-8629-B4B2FC76A20F}"
EndProject
Global
	GlobalSection(SolutionConfigurationPlatforms) = preSolution
		Debug|Any CPU = Debug|Any CPU
		Release|Any CPU = Release|Any CPU
	EndGlobalSection
	GlobalSection(ProjectConfigurationPlatforms) = postSolution
		{B7E4B8B2-F7FB-4FE8-8629-B4B2FC76A20F}.Debug|Any CPU.ActiveCfg = Debug|Any CPU
		{B7E4B8B2-F7FB-4FE8-8629-B4B2FC76A20F}.Debug|Any CPU.Build.0 = Debug|Any CPU
		{B7E4B8B2-F7FB-4FE8-8629-B4B2FC76A20F}.Release|Any CPU.ActiveCfg = Release|Any CPU
		{B7E4B8B2-F7FB-4FE8-8629-B4B2FC76A20F}.Release|Any CPU.Build.0 = Release|Any CPU
	EndGlobalSection
	GlobalSection(SolutionProperties) = preSolution
		HideSolutionNode = FALSE
	EndGlobalSection
	GlobalSection(ExtensibilityGlobals) = postSolution
		SolutionGuid = {2CAC1967-0371-425B-ADD7-C30439C5D5DC}
	EndGlobalSection
EndGlobal
